
Microsoft Visual Studio Solution File, Format Version 12.00
# Visual Studio 14
VisualStudioVersion = 14.0.25420.1
MinimumVisualStudioVersion = 10.0.40219.1
Project("{FAE04EC0-301F-11D3-BF4B-00C04F79EFBC}") = "ProjetIntegrateur", "ProjetIntegrateur\ProjetIntegrateur.csproj", "{F5E91721-69A4-49F8-B40B-221041C47CF1}"
EndProject
Global
	GlobalSection(SolutionConfigurationPlatforms) = preSolution
		Debug|Any CPU = Debug|Any CPU
		Release|Any CPU = Release|Any CPU
	EndGlobalSection
	GlobalSection(ProjectConfigurationPlatforms) = postSolution
		{F5E91721-69A4-49F8-B40B-221041C47CF1}.Debug|Any CPU.ActiveCfg = Debug|Any CPU
		{F5E91721-69A4-49F8-B40B-221041C47CF1}.Debug|Any CPU.Build.0 = Debug|Any CPU
		{F5E91721-69A4-49F8-B40B-221041C47CF1}.Release|Any CPU.ActiveCfg = Release|Any CPU
		{F5E91721-69A4-49F8-B40B-221041C47CF1}.Release|Any CPU.Build.0 = Release|Any CPU
	EndGlobalSection
	GlobalSection(SolutionProperties) = preSolution
		HideSolutionNode = FALSE
	EndGlobalSection
	GlobalSection(ExtensibilityGlobals) = postSolution
		SolutionGuid = {1A30592E-8535-4B81-AEF9-3A437A12BF02}
	EndGlobalSection
EndGlobal
